
Microsoft Visual Studio Solution File, Format Version 12.00
# Visual Studio Version 17
VisualStudioVersion = 17.11.35219.272
MinimumVisualStudioVersion = 10.0.40219.1
Project("{FAE04EC0-301F-11D3-BF4B-00C04F79EFBC}") = "Ex_8_loop.operator", "Ex_8_loop.operator\Ex_8_loop.operator.csproj", "{C3CF0D34-3A2E-4D4B-A50C-70B258708013}"
EndProject
Global
	GlobalSection(SolutionConfigurationPlatforms) = preSolution
		Debug|Any CPU = Debug|Any CPU
		Release|Any CPU = Release|Any CPU
	EndGlobalSection
	GlobalSection(ProjectConfigurationPlatforms) = postSolution
		{C3CF0D34-3A2E-4D4B-A50C-70B258708013}.Debug|Any CPU.ActiveCfg = Debug|Any CPU
		{C3CF0D34-3A2E-4D4B-A50C-70B258708013}.Debug|Any CPU.Build.0 = Debug|Any CPU
		{C3CF0D34-3A2E-4D4B-A50C-70B258708013}.Release|Any CPU.ActiveCfg = Release|Any CPU
		{C3CF0D34-3A2E-4D4B-A50C-70B258708013}.Release|Any CPU.Build.0 = Release|Any CPU
	EndGlobalSection
	GlobalSection(SolutionProperties) = preSolution
		HideSolutionNode = FALSE
	EndGlobalSection
	GlobalSection(ExtensibilityGlobals) = postSolution
		SolutionGuid = {1A86F344-F94F-48F1-B667-96085444D8E6}
	EndGlobalSection
EndGlobal
